
Microsoft Visual Studio Solution File, Format Version 12.00
# Visual Studio Version 17
VisualStudioVersion = 17.13.35931.197 d17.13
MinimumVisualStudioVersion = 10.0.40219.1
Project("{FAE04EC0-301F-11D3-BF4B-00C04F79EFBC}") = "26,05,2025", "26,05,2025\26,05,2025.csproj", "{7E1F9E74-9EE7-48F2-8BD1-6C2B8689E0D2}"
EndProject
Global
	GlobalSection(SolutionConfigurationPlatforms) = preSolution
		Debug|Any CPU = Debug|Any CPU
		Release|Any CPU = Release|Any CPU
	EndGlobalSection
	GlobalSection(ProjectConfigurationPlatforms) = postSolution
		{7E1F9E74-9EE7-48F2-8BD1-6C2B8689E0D2}.Debug|Any CPU.ActiveCfg = Debug|Any CPU
		{7E1F9E74-9EE7-48F2-8BD1-6C2B8689E0D2}.Debug|Any CPU.Build.0 = Debug|Any CPU
		{7E1F9E74-9EE7-48F2-8BD1-6C2B8689E0D2}.Release|Any CPU.ActiveCfg = Release|Any CPU
		{7E1F9E74-9EE7-48F2-8BD1-6C2B8689E0D2}.Release|Any CPU.Build.0 = Release|Any CPU
	EndGlobalSection
	GlobalSection(SolutionProperties) = preSolution
		HideSolutionNode = FALSE
	EndGlobalSection
	GlobalSection(ExtensibilityGlobals) = postSolution
		SolutionGuid = {0AF2B984-A43A-4F62-9922-80D402BAB5D6}
	EndGlobalSection
EndGlobal
